
Microsoft Visual Studio Solution File, Format Version 12.00
# Visual Studio Version 16
VisualStudioVersion = 16.0.30204.135
MinimumVisualStudioVersion = 10.0.40219.1
Project("{FAE04EC0-301F-11D3-BF4B-00C04F79EFBC}") = "Curso de Orientacao a Objetos", "Aula1\Curso de Orientacao a Objetos.csproj", "{06AD3534-3236-4E92-93F5-5B06AD15809D}"
EndProject
Global
	GlobalSection(SolutionConfigurationPlatforms) = preSolution
		Debug|Any CPU = Debug|Any CPU
		Release|Any CPU = Release|Any CPU
	EndGlobalSection
	GlobalSection(ProjectConfigurationPlatforms) = postSolution
		{06AD3534-3236-4E92-93F5-5B06AD15809D}.Debug|Any CPU.ActiveCfg = Debug|Any CPU
		{06AD3534-3236-4E92-93F5-5B06AD15809D}.Debug|Any CPU.Build.0 = Debug|Any CPU
		{06AD3534-3236-4E92-93F5-5B06AD15809D}.Release|Any CPU.ActiveCfg = Release|Any CPU
		{06AD3534-3236-4E92-93F5-5B06AD15809D}.Release|Any CPU.Build.0 = Release|Any CPU
	EndGlobalSection
	GlobalSection(SolutionProperties) = preSolution
		HideSolutionNode = FALSE
	EndGlobalSection
	GlobalSection(ExtensibilityGlobals) = postSolution
		SolutionGuid = {6A440524-29F8-4C51-A710-8252097900DF}
	EndGlobalSection
EndGlobal
